# This file is autogenerated, do not edit; changes may be undone by the next 'dep ensure'.


[[projects]]
  name = "github.com/francoispqt/gojay"
  packages = ["."]
  revision = "7dc0f34a209c70ac17c2bb27e5a94ba2f5f97b75"
  version = "1.1.1"

[[projects]]
  name = "github.com/francoispqt/onelog"
  packages = ["."]
  revision = "b50beb1767ddda57d7e0e2f2cf8a8f9b65e91ccf"
  version = "0.11.5"

[[projects]]
  name = "github.com/gofunky/zipstream"
  packages = ["."]
  revision = "be1f31a686404f4bc9aef8bc7ef322f9093ff056"
  version = "v1.0.0-beta.1"

[[projects]]
  name = "github.com/klauspost/compress"
  packages = ["flate","gzip","zlib"]
  revision = "b939724e787a27c0005cabe3f78e7ed7987ac74f"
  version = "v1.4.0"

[[projects]]
  name = "github.com/klauspost/cpuid"
  packages = ["."]
  revision = "ae7887de9fa5d2db4eaa8174a7eff2c1ac00f2da"
  version = "v1.1"

[[projects]]
  branch = "master"
  name = "github.com/valyala/bytebufferpool"
  packages = ["."]
  revision = "e746df99fe4a3986f4d4f79e13c1e0117ce9c2f7"

[[projects]]
  name = "github.com/valyala/fasthttp"
  packages = [".","fasthttputil","stackless"]
  revision = "e5f51c11919d4f66400334047b897ef0a94c6f3c"
  version = "v20180529"

[solve-meta]
  analyzer-name = "dep"
  analyzer-version = 1
  inputs-digest = "c49f58f3b9123b888044ce5e8e5f4b26985c679af2174267f4eed5143e7e6ce6"
  solver-name = "gps-cdcl"
  solver-version = 1
